
Microsoft Visual Studio Solution File, Format Version 12.00
# Visual Studio Version 17
VisualStudioVersion = 17.3.32922.545
MinimumVisualStudioVersion = 10.0.40219.1
Project("{FAE04EC0-301F-11D3-BF4B-00C04F79EFBC}") = "Lab2Sophie_WPF", "Lab2Sophie_WPF.csproj", "{7C4B5D5F-274D-4558-B099-C6EB188BFB4C}"
EndProject
Global
	GlobalSection(SolutionConfigurationPlatforms) = preSolution
		Debug|Any CPU = Debug|Any CPU
		Release|Any CPU = Release|Any CPU
	EndGlobalSection
	GlobalSection(ProjectConfigurationPlatforms) = postSolution
		{7C4B5D5F-274D-4558-B099-C6EB188BFB4C}.Debug|Any CPU.ActiveCfg = Debug|Any CPU
		{7C4B5D5F-274D-4558-B099-C6EB188BFB4C}.Debug|Any CPU.Build.0 = Debug|Any CPU
		{7C4B5D5F-274D-4558-B099-C6EB188BFB4C}.Release|Any CPU.ActiveCfg = Release|Any CPU
		{7C4B5D5F-274D-4558-B099-C6EB188BFB4C}.Release|Any CPU.Build.0 = Release|Any CPU
	EndGlobalSection
	GlobalSection(SolutionProperties) = preSolution
		HideSolutionNode = FALSE
	EndGlobalSection
	GlobalSection(ExtensibilityGlobals) = postSolution
		SolutionGuid = {371A691D-9B3E-4E18-977B-5DDC47D6EF25}
	EndGlobalSection
EndGlobal
